
Microsoft Visual Studio Solution File, Format Version 12.00
# Visual Studio Version 16
VisualStudioVersion = 16.0.29613.14
MinimumVisualStudioVersion = 10.0.40219.1
Project("{9A19103F-16F7-4668-BE54-9A1E7A4F7556}") = "ServerPart.API", "ServerPart.API\ServerPart.API.csproj", "{AFAF5C1C-907F-4967-AD73-481D637B496C}"
EndProject
Project("{9A19103F-16F7-4668-BE54-9A1E7A4F7556}") = "ServerPart.IdentityServer4", "ServerPart.IdentityServer4\ServerPart.IdentityServer4.csproj", "{FE2BAF02-BDC1-4221-B925-DD248FEA94E4}"
EndProject
Project("{9A19103F-16F7-4668-BE54-9A1E7A4F7556}") = "ServerPart.Domain", "ServerPart.Domain\ServerPart.Domain.csproj", "{BCA6866A-EC1C-4A5E-B9C6-31D25C0593CD}"
EndProject
Project("{9A19103F-16F7-4668-BE54-9A1E7A4F7556}") = "ServerPart.EF", "ServerPart.EF\ServerPart.EF.csproj", "{49907AE8-1722-4B9F-8B17-19A1E2D0536C}"
EndProject
Project("{FAE04EC0-301F-11D3-BF4B-00C04F79EFBC}") = "ServerPart.Identity", "ServerPart.Identity\ServerPart.Identity.csproj", "{216C6CDA-402F-4151-B246-19097B0D35F0}"
EndProject
Global
	GlobalSection(SolutionConfigurationPlatforms) = preSolution
		Debug|Any CPU = Debug|Any CPU
		Release|Any CPU = Release|Any CPU
	EndGlobalSection
	GlobalSection(ProjectConfigurationPlatforms) = postSolution
		{AFAF5C1C-907F-4967-AD73-481D637B496C}.Debug|Any CPU.ActiveCfg = Debug|Any CPU
		{AFAF5C1C-907F-4967-AD73-481D637B496C}.Debug|Any CPU.Build.0 = Debug|Any CPU
		{AFAF5C1C-907F-4967-AD73-481D637B496C}.Release|Any CPU.ActiveCfg = Release|Any CPU
		{AFAF5C1C-907F-4967-AD73-481D637B496C}.Release|Any CPU.Build.0 = Release|Any CPU
		{FE2BAF02-BDC1-4221-B925-DD248FEA94E4}.Debug|Any CPU.ActiveCfg = Debug|Any CPU
		{FE2BAF02-BDC1-4221-B925-DD248FEA94E4}.Debug|Any CPU.Build.0 = Debug|Any CPU
		{FE2BAF02-BDC1-4221-B925-DD248FEA94E4}.Release|Any CPU.ActiveCfg = Release|Any CPU
		{FE2BAF02-BDC1-4221-B925-DD248FEA94E4}.Release|Any CPU.Build.0 = Release|Any CPU
		{BCA6866A-EC1C-4A5E-B9C6-31D25C0593CD}.Debug|Any CPU.ActiveCfg = Debug|Any CPU
		{BCA6866A-EC1C-4A5E-B9C6-31D25C0593CD}.Debug|Any CPU.Build.0 = Debug|Any CPU
		{BCA6866A-EC1C-4A5E-B9C6-31D25C0593CD}.Release|Any CPU.ActiveCfg = Release|Any CPU
		{BCA6866A-EC1C-4A5E-B9C6-31D25C0593CD}.Release|Any CPU.Build.0 = Release|Any CPU
		{49907AE8-1722-4B9F-8B17-19A1E2D0536C}.Debug|Any CPU.ActiveCfg = Debug|Any CPU
		{49907AE8-1722-4B9F-8B17-19A1E2D0536C}.Debug|Any CPU.Build.0 = Debug|Any CPU
		{49907AE8-1722-4B9F-8B17-19A1E2D0536C}.Release|Any CPU.ActiveCfg = Release|Any CPU
		{49907AE8-1722-4B9F-8B17-19A1E2D0536C}.Release|Any CPU.Build.0 = Release|Any CPU
		{216C6CDA-402F-4151-B246-19097B0D35F0}.Debug|Any CPU.ActiveCfg = Debug|Any CPU
		{216C6CDA-402F-4151-B246-19097B0D35F0}.Debug|Any CPU.Build.0 = Debug|Any CPU
		{216C6CDA-402F-4151-B246-19097B0D35F0}.Release|Any CPU.ActiveCfg = Release|Any CPU
		{216C6CDA-402F-4151-B246-19097B0D35F0}.Release|Any CPU.Build.0 = Release|Any CPU
	EndGlobalSection
	GlobalSection(SolutionProperties) = preSolution
		HideSolutionNode = FALSE
	EndGlobalSection
	GlobalSection(ExtensibilityGlobals) = postSolution
		SolutionGuid = {82109059-1968-4D5D-B7D4-2241F50B1A9E}
	EndGlobalSection
EndGlobal
